// !$*UTF8*$!
{
	archiveVersion = 1;
	classes = {
	};
	objectVersion = 50;
	objects = {

/* Begin PBXBuildFile section */
		A4090984220D9C3700961D1D /* ProgressBarKit.framework in Frameworks */ = {isa = PBXBuildFile; fileRef = A409097A220D9C3700961D1D /* ProgressBarKit.framework */; };
		A4090989220D9C3700961D1D /* ProgressBarKitTests.swift in Sources */ = {isa = PBXBuildFile; fileRef = A4090988220D9C3700961D1D /* ProgressBarKitTests.swift */; };
		A409098B220D9C3700961D1D /* ProgressBarKit.h in Headers */ = {isa = PBXBuildFile; fileRef = A409097D220D9C3700961D1D /* ProgressBarKit.h */; settings = {ATTRIBUTES = (Public, ); }; };
		A40909B4220DE75F00961D1D /* ProgressBar.swift in Sources */ = {isa = PBXBuildFile; fileRef = A40909B3220DE75F00961D1D /* ProgressBar.swift */; };
		A43C4F4322102DE300AEF0E8 /* ProgressBarConfigurations.swift in Sources */ = {isa = PBXBuildFile; fileRef = A43C4F4222102DE300AEF0E8 /* ProgressBarConfigurations.swift */; };
/* End PBXBuildFile section */

/* Begin PBXContainerItemProxy section */
		A4090985220D9C3700961D1D /* PBXContainerItemProxy */ = {
			isa = PBXContainerItemProxy;
			containerPortal = A4090971220D9C3700961D1D /* Project object */;
			proxyType = 1;
			remoteGlobalIDString = A4090979220D9C3700961D1D;
			remoteInfo = ProgressBarKit;
		};
/* End PBXContainerItemProxy section */

/* Begin PBXFileReference section */
		A409097A220D9C3700961D1D /* ProgressBarKit.framework */ = {isa = PBXFileReference; explicitFileType = wrapper.framework; includeInIndex = 0; path = ProgressBarKit.framework; sourceTree = BUILT_PRODUCTS_DIR; };
		A409097D220D9C3700961D1D /* ProgressBarKit.h */ = {isa = PBXFileReference; lastKnownFileType = sourcecode.c.h; path = ProgressBarKit.h; sourceTree = "<group>"; };
		A409097E220D9C3700961D1D /* Info.plist */ = {isa = PBXFileReference; lastKnownFileType = text.plist.xml; path = Info.plist; sourceTree = "<group>"; };
		A4090983220D9C3700961D1D /* ProgressBarKitTests.xctest */ = {isa = PBXFileReference; explicitFileType = wrapper.cfbundle; includeInIndex = 0; path = ProgressBarKitTests.xctest; sourceTree = BUILT_PRODUCTS_DIR; };
		A4090988220D9C3700961D1D /* ProgressBarKitTests.swift */ = {isa = PBXFileReference; lastKnownFileType = sourcecode.swift; path = ProgressBarKitTests.swift; sourceTree = "<group>"; };
		A409098A220D9C3700961D1D /* Info.plist */ = {isa = PBXFileReference; lastKnownFileType = text.plist.xml; path = Info.plist; sourceTree = "<group>"; };
		A40909B3220DE75F00961D1D /* ProgressBar.swift */ = {isa = PBXFileReference; lastKnownFileType = sourcecode.swift; path = ProgressBar.swift; sourceTree = "<group>"; };
		A43C4F4222102DE300AEF0E8 /* ProgressBarConfigurations.swift */ = {isa = PBXFileReference; lastKnownFileType = sourcecode.swift; path = ProgressBarConfigurations.swift; sourceTree = "<group>"; };
/* End PBXFileReference section */

/* Begin PBXFrameworksBuildPhase section */
		A4090977220D9C3700961D1D /* Frameworks */ = {
			isa = PBXFrameworksBuildPhase;
			buildActionMask = 2147483647;
			files = (
			);
			runOnlyForDeploymentPostprocessing = 0;
		};
		A4090980220D9C3700961D1D /* Frameworks */ = {
			isa = PBXFrameworksBuildPhase;
			buildActionMask = 2147483647;
			files = (
				A4090984220D9C3700961D1D /* ProgressBarKit.framework in Frameworks */,
			);
			runOnlyForDeploymentPostprocessing = 0;
		};
/* End PBXFrameworksBuildPhase section */

/* Begin PBXGroup section */
		A4090970220D9C3700961D1D = {
			isa = PBXGroup;
			children = (
				A409097C220D9C3700961D1D /* ProgressBarKit */,
				A4090987220D9C3700961D1D /* ProgressBarKitTests */,
				A409097B220D9C3700961D1D /* Products */,
			);
			sourceTree = "<group>";
		};
		A409097B220D9C3700961D1D /* Products */ = {
			isa = PBXGroup;
			children = (
				A409097A220D9C3700961D1D /* ProgressBarKit.framework */,
				A4090983220D9C3700961D1D /* ProgressBarKitTests.xctest */,
			);
			name = Products;
			sourceTree = "<group>";
		};
		A409097C220D9C3700961D1D /* ProgressBarKit */ = {
			isa = PBXGroup;
			children = (
				A40909B3220DE75F00961D1D /* ProgressBar.swift */,
				A43C4F4222102DE300AEF0E8 /* ProgressBarConfigurations.swift */,
				A409097D220D9C3700961D1D /* ProgressBarKit.h */,
				A409097E220D9C3700961D1D /* Info.plist */,
			);
			path = ProgressBarKit;
			sourceTree = "<group>";
		};
		A4090987220D9C3700961D1D /* ProgressBarKitTests */ = {
			isa = PBXGroup;
			children = (
				A4090988220D9C3700961D1D /* ProgressBarKitTests.swift */,
				A409098A220D9C3700961D1D /* Info.plist */,
			);
			path = ProgressBarKitTests;
			sourceTree = "<group>";
		};
/* End PBXGroup section */

/* Begin PBXHeadersBuildPhase section */
		A4090975220D9C3700961D1D /* Headers */ = {
			isa = PBXHeadersBuildPhase;
			buildActionMask = 2147483647;
			files = (
				A409098B220D9C3700961D1D /* ProgressBarKit.h in Headers */,
			);
			runOnlyForDeploymentPostprocessing = 0;
		};
/* End PBXHeadersBuildPhase section */

/* Begin PBXNativeTarget section */
		A4090979220D9C3700961D1D /* ProgressBarKit */ = {
			isa = PBXNativeTarget;
			buildConfigurationList = A409098E220D9C3700961D1D /* Build configuration list for PBXNativeTarget "ProgressBarKit" */;
			buildPhases = (
				A4090975220D9C3700961D1D /* Headers */,
				A4090976220D9C3700961D1D /* Sources */,
				A4090977220D9C3700961D1D /* Frameworks */,
				A4090978220D9C3700961D1D /* Resources */,
			);
			buildRules = (
			);
			dependencies = (
			);
			name = ProgressBarKit;
			productName = ProgressBarKit;
			productReference = A409097A220D9C3700961D1D /* ProgressBarKit.framework */;
			productType = "com.apple.product-type.framework";
		};
		A4090982220D9C3700961D1D /* ProgressBarKitTests */ = {
			isa = PBXNativeTarget;
			buildConfigurationList = A4090991220D9C3700961D1D /* Build configuration list for PBXNativeTarget "ProgressBarKitTests" */;
			buildPhases = (
				A409097F220D9C3700961D1D /* Sources */,
				A4090980220D9C3700961D1D /* Frameworks */,
				A4090981220D9C3700961D1D /* Resources */,
			);
			buildRules = (
			);
			dependencies = (
				A4090986220D9C3700961D1D /* PBXTargetDependency */,
			);
			name = ProgressBarKitTests;
			productName = ProgressBarKitTests;
			productReference = A4090983220D9C3700961D1D /* ProgressBarKitTests.xctest */;
			productType = "com.apple.product-type.bundle.unit-test";
		};
/* End PBXNativeTarget section */

/* Begin PBXProject section */
		A4090971220D9C3700961D1D /* Project object */ = {
			isa = PBXProject;
			attributes = {
				LastSwiftUpdateCheck = 1010;
				LastUpgradeCheck = 1010;
				ORGANIZATIONNAME = "Zaim Ramlan";
				TargetAttributes = {
					A4090979220D9C3700961D1D = {
						CreatedOnToolsVersion = 10.1;
						LastSwiftMigration = 1010;
					};
					A4090982220D9C3700961D1D = {
						CreatedOnToolsVersion = 10.1;
					};
				};
			};
			buildConfigurationList = A4090974220D9C3700961D1D /* Build configuration list for PBXProject "ProgressBarKit" */;
			compatibilityVersion = "Xcode 9.3";
			developmentRegion = en;
			hasScannedForEncodings = 0;
			knownRegions = (
				en,
			);
			mainGroup = A4090970220D9C3700961D1D;
			productRefGroup = A409097B220D9C3700961D1D /* Products */;
			projectDirPath = "";
			projectRoot = "";
			targets = (
				A4090979220D9C3700961D1D /* ProgressBarKit */,
				A4090982220D9C3700961D1D /* ProgressBarKitTests */,
			);
		};
/* End PBXProject section */

/* Begin PBXResourcesBuildPhase section */
		A4090978220D9C3700961D1D /* Resources */ = {
			isa = PBXResourcesBuildPhase;
			buildActionMask = 2147483647;
			files = (
			);
			runOnlyForDeploymentPostprocessing = 0;
		};
		A4090981220D9C3700961D1D /* Resources */ = {
			isa = PBXResourcesBuildPhase;
			buildActionMask = 2147483647;
			files = (
			);
			runOnlyForDeploymentPostprocessing = 0;
		};
/* End PBXResourcesBuildPhase section */

/* Begin PBXSourcesBuildPhase section */
		A4090976220D9C3700961D1D /* Sources */ = {
			isa = PBXSourcesBuildPhase;
			buildActionMask = 2147483647;
			files = (
				A40909B4220DE75F00961D1D /* ProgressBar.swift in Sources */,
				A43C4F4322102DE300AEF0E8 /* ProgressBarConfigurations.swift in Sources */,
			);
			runOnlyForDeploymentPostprocessing = 0;
		};
		A409097F220D9C3700961D1D /* Sources */ = {
			isa = PBXSourcesBuildPhase;
			buildActionMask = 2147483647;
			files = (
				A4090989220D9C3700961D1D /* ProgressBarKitTests.swift in Sources */,
			);
			runOnlyForDeploymentPostprocessing = 0;
		};
/* End PBXSourcesBuildPhase section */

/* Begin PBXTargetDependency section */
		A4090986220D9C3700961D1D /* PBXTargetDependency */ = {
			isa = PBXTargetDependency;
			target = A4090979220D9C3700961D1D /* ProgressBarKit */;
			targetProxy = A4090985220D9C3700961D1D /* PBXContainerItemProxy */;
		};
/* End PBXTargetDependency section */

/* Begin XCBuildConfiguration section */
		A409098C220D9C3700961D1D /* Debug */ = {
			isa = XCBuildConfiguration;
			buildSettings = {
				ALWAYS_SEARCH_USER_PATHS = NO;
				CLANG_ANALYZER_NONNULL = YES;
				CLANG_ANALYZER_NUMBER_OBJECT_CONVERSION = YES_AGGRESSIVE;
				CLANG_CXX_LANGUAGE_STANDARD = "gnu++14";
				CLANG_CXX_LIBRARY = "libc++";
				CLANG_ENABLE_MODULES = YES;
				CLANG_ENABLE_OBJC_ARC = YES;
				CLANG_ENABLE_OBJC_WEAK = YES;
				CLANG_WARN_BLOCK_CAPTURE_AUTORELEASING = YES;
				CLANG_WARN_BOOL_CONVERSION = YES;
				CLANG_WARN_COMMA = YES;
				CLANG_WARN_CONSTANT_CONVERSION = YES;
				CLANG_WARN_DEPRECATED_OBJC_IMPLEMENTATIONS = YES;
				CLANG_WARN_DIRECT_OBJC_ISA_USAGE = YES_ERROR;
				CLANG_WARN_DOCUMENTATION_COMMENTS = YES;
				CLANG_WARN_EMPTY_BODY = YES;
				CLANG_WARN_ENUM_CONVERSION = YES;
				CLANG_WARN_INFINITE_RECURSION = YES;
				CLANG_WARN_INT_CONVERSION = YES;
				CLANG_WARN_NON_LITERAL_NULL_CONVERSION = YES;
				CLANG_WARN_OBJC_IMPLICIT_RETAIN_SELF = YES;
				CLANG_WARN_OBJC_LITERAL_CONVERSION = YES;
				CLANG_WARN_OBJC_ROOT_CLASS = YES_ERROR;
				CLANG_WARN_RANGE_LOOP_ANALYSIS = YES;
				CLANG_WARN_STRICT_PROTOTYPES = YES;
				CLANG_WARN_SUSPICIOUS_MOVE = YES;
				CLANG_WARN_UNGUARDED_AVAILABILITY = YES_AGGRESSIVE;
				CLANG_WARN_UNREACHABLE_CODE = YES;
				CLANG_WARN__DUPLICATE_METHOD_MATCH = YES;
				CODE_SIGN_IDENTITY = "iPhone Developer";
				COPY_PHASE_STRIP = NO;
				CURRENT_PROJECT_VERSION = 1;
				DEBUG_INFORMATION_FORMAT = dwarf;
				ENABLE_STRICT_OBJC_MSGSEND = YES;
				ENABLE_TESTABILITY = YES;
				GCC_C_LANGUAGE_STANDARD = gnu11;
				GCC_DYNAMIC_NO_PIC = NO;
				GCC_NO_COMMON_BLOCKS = YES;
				GCC_OPTIMIZATION_LEVEL = 0;
				GCC_PREPROCESSOR_DEFINITIONS = (
					"DEBUG=1",
					"$(inherited)",
				);
				GCC_WARN_64_TO_32_BIT_CONVERSION = YES;
				GCC_WARN_ABOUT_RETURN_TYPE = YES_ERROR;
				GCC_WARN_UNDECLARED_SELECTOR = YES;
				GCC_WARN_UNINITIALIZED_AUTOS = YES_AGGRESSIVE;
				GCC_WARN_UNUSED_FUNCTION = YES;
				GCC_WARN_UNUSED_VARIABLE = YES;
				IPHONEOS_DEPLOYMENT_TARGET = 12.1;
				MTL_ENABLE_DEBUG_INFO = INCLUDE_SOURCE;
				MTL_FAST_MATH = YES;
				ONLY_ACTIVE_ARCH = YES;
				SDKROOT = iphoneos;
				SWIFT_ACTIVE_COMPILATION_CONDITIONS = DEBUG;
				SWIFT_OPTIMIZATION_LEVEL = "-Onone";
				VERSIONING_SYSTEM = "apple-generic";
				VERSION_INFO_PREFIX = "";
			};
			name = Debug;
		};
		A409098D220D9C3700961D1D /* Release */ = {
			isa = XCBuildConfiguration;
			buildSettings = {
				ALWAYS_SEARCH_USER_PATHS = NO;
				CLANG_ANALYZER_NONNULL = YES;
				CLANG_ANALYZER_NUMBER_OBJECT_CONVERSION = YES_AGGRESSIVE;
				CLANG_CXX_LANGUAGE_STANDARD = "gnu++14";
				CLANG_CXX_LIBRARY = "libc++";
				CLANG_ENABLE_MODULES = YES;
				CLANG_ENABLE_OBJC_ARC = YES;
				CLANG_ENABLE_OBJC_WEAK = YES;
				CLANG_WARN_BLOCK_CAPTURE_AUTORELEASING = YES;
				CLANG_WARN_BOOL_CONVERSION = YES;
				CLANG_WARN_COMMA = YES;
				CLANG_WARN_CONSTANT_CONVERSION = YES;
				CLANG_WARN_DEPRECATED_OBJC_IMPLEMENTATIONS = YES;
				CLANG_WARN_DIRECT_OBJC_ISA_USAGE = YES_ERROR;
				CLANG_WARN_DOCUMENTATION_COMMENTS = YES;
				CLANG_WARN_EMPTY_BODY = YES;
				CLANG_WARN_ENUM_CONVERSION = YES;
				CLANG_WARN_INFINITE_RECURSION = YES;
				CLANG_WARN_INT_CONVERSION = YES;
				CLANG_WARN_NON_LITERAL_NULL_CONVERSION = YES;
				CLANG_WARN_OBJC_IMPLICIT_RETAIN_SELF = YES;
				CLANG_WARN_OBJC_LITERAL_CONVERSION = YES;
				CLANG_WARN_OBJC_ROOT_CLASS = YES_ERROR;
				CLANG_WARN_RANGE_LOOP_ANALYSIS = YES;
				CLANG_WARN_STRICT_PROTOTYPES = YES;
				CLANG_WARN_SUSPICIOUS_MOVE = YES;
				CLANG_WARN_UNGUARDED_AVAILABILITY = YES_AGGRESSIVE;
				CLANG_WARN_UNREACHABLE_CODE = YES;
				CLANG_WARN__DUPLICATE_METHOD_MATCH = YES;
				CODE_SIGN_IDENTITY = "iPhone Developer";
				COPY_PHASE_STRIP = NO;
				CURRENT_PROJECT_VERSION = 1;
				DEBUG_INFORMATION_FORMAT = "dwarf-with-dsym";
				ENABLE_NS_ASSERTIONS = NO;
				ENABLE_STRICT_OBJC_MSGSEND = YES;
				GCC_C_LANGUAGE_STANDARD = gnu11;
				GCC_NO_COMMON_BLOCKS = YES;
				GCC_WARN_64_TO_32_BIT_CONVERSION = YES;
				GCC_WARN_ABOUT_RETURN_TYPE = YES_ERROR;
				GCC_WARN_UNDECLARED_SELECTOR = YES;
				GCC_WARN_UNINITIALIZED_AUTOS = YES_AGGRESSIVE;
				GCC_WARN_UNUSED_FUNCTION = YES;
				GCC_WARN_UNUSED_VARIABLE = YES;
				IPHONEOS_DEPLOYMENT_TARGET = 12.1;
				MTL_ENABLE_DEBUG_INFO = NO;
				MTL_FAST_MATH = YES;
				SDKROOT = iphoneos;
				SWIFT_COMPILATION_MODE = wholemodule;
				SWIFT_OPTIMIZATION_LEVEL = "-O";
				VALIDATE_PRODUCT = YES;
				VERSIONING_SYSTEM = "apple-generic";
				VERSION_INFO_PREFIX = "";
			};
			name = Release;
		};
		A409098F220D9C3700961D1D /* Debug */ = {
			isa = XCBuildConfiguration;
			buildSettings = {
				CLANG_ENABLE_MODULES = YES;
				CODE_SIGN_IDENTITY = "";
				CODE_SIGN_STYLE = Automatic;
				DEFINES_MODULE = YES;
				DEVELOPMENT_TEAM = CT63RCWV2C;
				DYLIB_COMPATIBILITY_VERSION = 1;
				DYLIB_CURRENT_VERSION = 1;
				DYLIB_INSTALL_NAME_BASE = "@rpath";
				INFOPLIST_FILE = ProgressBarKit/Info.plist;
				INSTALL_PATH = "$(LOCAL_LIBRARY_DIR)/Frameworks";
				LD_RUNPATH_SEARCH_PATHS = (
					"$(inherited)",
					"@executable_path/Frameworks",
					"@loader_path/Frameworks",
				);
				PRODUCT_BUNDLE_IDENTIFIER = com.zaimramlan.ProgressBarKit;
				PRODUCT_NAME = "$(TARGET_NAME:c99extidentifier)";
				SKIP_INSTALL = YES;
				SWIFT_OPTIMIZATION_LEVEL = "-Onone";
				SWIFT_VERSION = 4.2;
				TARGETED_DEVICE_FAMILY = "1,2";
			};
			name = Debug;
		};
		A4090990220D9C3700961D1D /* Release */ = {
			isa = XCBuildConfiguration;
			buildSettings = {
				CLANG_ENABLE_MODULES = YES;
				CODE_SIGN_IDENTITY = "";
				CODE_SIGN_STYLE = Automatic;
				DEFINES_MODULE = YES;
				DEVELOPMENT_TEAM = CT63RCWV2C;
				DYLIB_COMPATIBILITY_VERSION = 1;
				DYLIB_CURRENT_VERSION = 1;
				DYLIB_INSTALL_NAME_BASE = "@rpath";
				INFOPLIST_FILE = ProgressBarKit/Info.plist;
				INSTALL_PATH = "$(LOCAL_LIBRARY_DIR)/Frameworks";
				LD_RUNPATH_SEARCH_PATHS = (
					"$(inherited)",
					"@executable_path/Frameworks",
					"@loader_path/Frameworks",
				);
				PRODUCT_BUNDLE_IDENTIFIER = com.zaimramlan.ProgressBarKit;
				PRODUCT_NAME = "$(TARGET_NAME:c99extidentifier)";
				SKIP_INSTALL = YES;
				SWIFT_VERSION = 4.2;
				TARGETED_DEVICE_FAMILY = "1,2";
			};
			name = Release;
		};
		A4090992220D9C3700961D1D /* Debug */ = {
			isa = XCBuildConfiguration;
			buildSettings = {
				ALWAYS_EMBED_SWIFT_STANDARD_LIBRARIES = YES;
				CODE_SIGN_STYLE = Automatic;
				DEVELOPMENT_TEAM = CT63RCWV2C;
				INFOPLIST_FILE = ProgressBarKitTests/Info.plist;
				LD_RUNPATH_SEARCH_PATHS = (
					"$(inherited)",
					"@executable_path/Frameworks",
					"@loader_path/Frameworks",
				);
				PRODUCT_BUNDLE_IDENTIFIER = com.zaimramlan.ProgressBarKitTests;
				PRODUCT_NAME = "$(TARGET_NAME)";
				SWIFT_VERSION = 4.2;
				TARGETED_DEVICE_FAMILY = "1,2";
			};
			name = Debug;
		};
		A4090993220D9C3700961D1D /* Release */ = {
			isa = XCBuildConfiguration;
			buildSettings = {
				ALWAYS_EMBED_SWIFT_STANDARD_LIBRARIES = YES;
				CODE_SIGN_STYLE = Automatic;
				DEVELOPMENT_TEAM = CT63RCWV2C;
				INFOPLIST_FILE = ProgressBarKitTests/Info.plist;
				LD_RUNPATH_SEARCH_PATHS = (
					"$(inherited)",
					"@executable_path/Frameworks",
					"@loader_path/Frameworks",
				);
				PRODUCT_BUNDLE_IDENTIFIER = com.zaimramlan.ProgressBarKitTests;
				PRODUCT_NAME = "$(TARGET_NAME)";
				SWIFT_VERSION = 4.2;
				TARGETED_DEVICE_FAMILY = "1,2";
			};
			name = Release;
		};
/* End XCBuildConfiguration section */

/* Begin XCConfigurationList section */
		A4090974220D9C3700961D1D /* Build configuration list for PBXProject "ProgressBarKit" */ = {
			isa = XCConfigurationList;
			buildConfigurations = (
				A409098C220D9C3700961D1D /* Debug */,
				A409098D220D9C3700961D1D /* Release */,
			);
			defaultConfigurationIsVisible = 0;
			defaultConfigurationName = Release;
		};
		A409098E220D9C3700961D1D /* Build configuration list for PBXNativeTarget "ProgressBarKit" */ = {
			isa = XCConfigurationList;
			buildConfigurations = (
				A409098F220D9C3700961D1D /* Debug */,
				A4090990220D9C3700961D1D /* Release */,
			);
			defaultConfigurationIsVisible = 0;
			defaultConfigurationName = Release;
		};
		A4090991220D9C3700961D1D /* Build configuration list for PBXNativeTarget "ProgressBarKitTests" */ = {
			isa = XCConfigurationList;
			buildConfigurations = (
				A4090992220D9C3700961D1D /* Debug */,
				A4090993220D9C3700961D1D /* Release */,
			);
			defaultConfigurationIsVisible = 0;
			defaultConfigurationName = Release;
		};
/* End XCConfigurationList section */
	};
	rootObject = A4090971220D9C3700961D1D /* Project object */;
}
